
Microsoft Visual Studio Solution File, Format Version 12.00
Project("{FAE04EC0-301F-11D3-BF4B-00C04F79EFBC}") = "Farmer.Modern", "Farmer.Modern\Farmer.Modern.csproj", "{9683E53E-4DFF-4A2E-9687-204DA3DD1D69}"
EndProject
Global
	GlobalSection(SolutionConfigurationPlatforms) = preSolution
		Debug|Any CPU = Debug|Any CPU
		Release|Any CPU = Release|Any CPU
	EndGlobalSection
	GlobalSection(ProjectConfigurationPlatforms) = postSolution
		{9683E53E-4DFF-4A2E-9687-204DA3DD1D69}.Debug|Any CPU.ActiveCfg = Debug|Any CPU
		{9683E53E-4DFF-4A2E-9687-204DA3DD1D69}.Debug|Any CPU.Build.0 = Debug|Any CPU
		{9683E53E-4DFF-4A2E-9687-204DA3DD1D69}.Release|Any CPU.ActiveCfg = Release|Any CPU
		{9683E53E-4DFF-4A2E-9687-204DA3DD1D69}.Release|Any CPU.Build.0 = Release|Any CPU
	EndGlobalSection
EndGlobal
